
Microsoft Visual Studio Solution File, Format Version 12.00
# Visual Studio 15
VisualStudioVersion = 15.0.28010.2016
MinimumVisualStudioVersion = 10.0.40219.1
Project("{FAE04EC0-301F-11D3-BF4B-00C04F79EFBC}") = "Clicl Generator Test 1.0", "Clicl Generator Test 1.0.csproj", "{89C421CA-69D6-4CB6-9971-B0214709FC3B}"
EndProject
Global
	GlobalSection(SolutionConfigurationPlatforms) = preSolution
		Debug|Any CPU = Debug|Any CPU
		Release|Any CPU = Release|Any CPU
	EndGlobalSection
	GlobalSection(ProjectConfigurationPlatforms) = postSolution
		{89C421CA-69D6-4CB6-9971-B0214709FC3B}.Debug|Any CPU.ActiveCfg = Debug|Any CPU
		{89C421CA-69D6-4CB6-9971-B0214709FC3B}.Debug|Any CPU.Build.0 = Debug|Any CPU
		{89C421CA-69D6-4CB6-9971-B0214709FC3B}.Release|Any CPU.ActiveCfg = Release|Any CPU
		{89C421CA-69D6-4CB6-9971-B0214709FC3B}.Release|Any CPU.Build.0 = Release|Any CPU
	EndGlobalSection
	GlobalSection(SolutionProperties) = preSolution
		HideSolutionNode = FALSE
	EndGlobalSection
	GlobalSection(ExtensibilityGlobals) = postSolution
		SolutionGuid = {AE14F8FD-ED3A-4710-A63C-C62247878D7E}
	EndGlobalSection
EndGlobal
